
Microsoft Visual Studio Solution File, Format Version 12.00
# Visual Studio Version 17
VisualStudioVersion = 17.0.31717.71
MinimumVisualStudioVersion = 10.0.40219.1
Project("{FAE04EC0-301F-11D3-BF4B-00C04F79EFBC}") = "unp4k.gui", "apps\unp4k.gui\unp4k.gui.csproj", "{0F47C85F-B0C2-4E2B-A032-DBC4763B957A}"
EndProject
Project("{9A19103F-16F7-4668-BE54-9A1E7A4F7556}") = "unforge", "libs\unforge\unforge.csproj", "{273D3D56-F005-4ED5-BABB-FD88FBC3FC63}"
EndProject
Project("{2150E333-8FDC-42A3-9474-1A3956D46DE8}") = "Git", "Git", "{97CEC351-CD72-46D6-BA54-EF31612F9F2D}"
	ProjectSection(SolutionItems) = preProject
		.gitattributes = .gitattributes
		.gitignore = .gitignore
		README.md = README.md
	EndProjectSection
EndProject
Project("{2150E333-8FDC-42A3-9474-1A3956D46DE8}") = "Libraries", "Libraries", "{DA2A390A-7859-40FF-8D06-86859BBE85C0}"
EndProject
Project("{2150E333-8FDC-42A3-9474-1A3956D46DE8}") = "Applications", "Applications", "{B19C9D53-D2FA-4346-B85A-EE475B661006}"
EndProject
Project("{2150E333-8FDC-42A3-9474-1A3956D46DE8}") = "Misc", "Misc", "{37E59179-ED8E-422D-AD47-3003A2B9C5C5}"
	ProjectSection(SolutionItems) = preProject
		.editorconfig = .editorconfig
		lgtm.yml = lgtm.yml
		LICENSE.txt = LICENSE.txt
	EndProjectSection
EndProject
Project("{9A19103F-16F7-4668-BE54-9A1E7A4F7556}") = "unp4ked", "apps\unp4ked\unp4ked.csproj", "{DFEAEB75-2883-4C0E-9399-F860A7A1C707}"
EndProject
Project("{9A19103F-16F7-4668-BE54-9A1E7A4F7556}") = "unp4k", "apps\unp4k\unp4k.csproj", "{C5D21B75-9D04-47C3-A9A8-A755B3264386}"
EndProject
Project("{9A19103F-16F7-4668-BE54-9A1E7A4F7556}") = "unlib", "libs\unlib\unlib.csproj", "{792EBFFB-2546-4491-B946-26F052E9E509}"
EndProject
Project("{2150E333-8FDC-42A3-9474-1A3956D46DE8}") = "Workflows", "Workflows", "{E0923082-1F43-4C41-8B0C-A73C0B3EE039}"
	ProjectSection(SolutionItems) = preProject
		build.yaml = build.yaml
		.github\workflows\release.yaml = .github\workflows\release.yaml
	EndProjectSection
EndProject
Project("{2150E333-8FDC-42A3-9474-1A3956D46DE8}") = "SubModules", "SubModules", "{AB30B6F7-B1D5-4D33-9820-0E6DF1DE4C53}"
EndProject
Project("{9A19103F-16F7-4668-BE54-9A1E7A4F7556}") = "ICSharpCode.SharpZipLib", "SharpZipLib\src\ICSharpCode.SharpZipLib\ICSharpCode.SharpZipLib.csproj", "{FE758482-341E-4631-9F7C-5256A326F954}"
EndProject
Global
	GlobalSection(SolutionConfigurationPlatforms) = preSolution
		Debug|Any CPU = Debug|Any CPU
		Release|Any CPU = Release|Any CPU
	EndGlobalSection
	GlobalSection(ProjectConfigurationPlatforms) = postSolution
		{0F47C85F-B0C2-4E2B-A032-DBC4763B957A}.Debug|Any CPU.ActiveCfg = Debug|Any CPU
		{0F47C85F-B0C2-4E2B-A032-DBC4763B957A}.Debug|Any CPU.Build.0 = Debug|Any CPU
		{0F47C85F-B0C2-4E2B-A032-DBC4763B957A}.Release|Any CPU.ActiveCfg = Release|Any CPU
		{0F47C85F-B0C2-4E2B-A032-DBC4763B957A}.Release|Any CPU.Build.0 = Release|Any CPU
		{273D3D56-F005-4ED5-BABB-FD88FBC3FC63}.Debug|Any CPU.ActiveCfg = Debug|Any CPU
		{273D3D56-F005-4ED5-BABB-FD88FBC3FC63}.Debug|Any CPU.Build.0 = Debug|Any CPU
		{273D3D56-F005-4ED5-BABB-FD88FBC3FC63}.Release|Any CPU.ActiveCfg = Release|Any CPU
		{273D3D56-F005-4ED5-BABB-FD88FBC3FC63}.Release|Any CPU.Build.0 = Release|Any CPU
		{DFEAEB75-2883-4C0E-9399-F860A7A1C707}.Debug|Any CPU.ActiveCfg = Debug|Any CPU
		{DFEAEB75-2883-4C0E-9399-F860A7A1C707}.Debug|Any CPU.Build.0 = Debug|Any CPU
		{DFEAEB75-2883-4C0E-9399-F860A7A1C707}.Release|Any CPU.ActiveCfg = Release|Any CPU
		{DFEAEB75-2883-4C0E-9399-F860A7A1C707}.Release|Any CPU.Build.0 = Release|Any CPU
		{C5D21B75-9D04-47C3-A9A8-A755B3264386}.Debug|Any CPU.ActiveCfg = Debug|Any CPU
		{C5D21B75-9D04-47C3-A9A8-A755B3264386}.Debug|Any CPU.Build.0 = Debug|Any CPU
		{C5D21B75-9D04-47C3-A9A8-A755B3264386}.Release|Any CPU.ActiveCfg = Release|Any CPU
		{C5D21B75-9D04-47C3-A9A8-A755B3264386}.Release|Any CPU.Build.0 = Release|Any CPU
		{792EBFFB-2546-4491-B946-26F052E9E509}.Debug|Any CPU.ActiveCfg = Debug|Any CPU
		{792EBFFB-2546-4491-B946-26F052E9E509}.Debug|Any CPU.Build.0 = Debug|Any CPU
		{792EBFFB-2546-4491-B946-26F052E9E509}.Release|Any CPU.ActiveCfg = Release|Any CPU
		{792EBFFB-2546-4491-B946-26F052E9E509}.Release|Any CPU.Build.0 = Release|Any CPU
		{FE758482-341E-4631-9F7C-5256A326F954}.Debug|Any CPU.ActiveCfg = Debug|Any CPU
		{FE758482-341E-4631-9F7C-5256A326F954}.Debug|Any CPU.Build.0 = Debug|Any CPU
		{FE758482-341E-4631-9F7C-5256A326F954}.Release|Any CPU.ActiveCfg = Release|Any CPU
		{FE758482-341E-4631-9F7C-5256A326F954}.Release|Any CPU.Build.0 = Release|Any CPU
	EndGlobalSection
	GlobalSection(SolutionProperties) = preSolution
		HideSolutionNode = FALSE
	EndGlobalSection
	GlobalSection(NestedProjects) = preSolution
		{0F47C85F-B0C2-4E2B-A032-DBC4763B957A} = {B19C9D53-D2FA-4346-B85A-EE475B661006}
		{273D3D56-F005-4ED5-BABB-FD88FBC3FC63} = {DA2A390A-7859-40FF-8D06-86859BBE85C0}
		{97CEC351-CD72-46D6-BA54-EF31612F9F2D} = {37E59179-ED8E-422D-AD47-3003A2B9C5C5}
		{DFEAEB75-2883-4C0E-9399-F860A7A1C707} = {B19C9D53-D2FA-4346-B85A-EE475B661006}
		{C5D21B75-9D04-47C3-A9A8-A755B3264386} = {B19C9D53-D2FA-4346-B85A-EE475B661006}
		{792EBFFB-2546-4491-B946-26F052E9E509} = {DA2A390A-7859-40FF-8D06-86859BBE85C0}
		{E0923082-1F43-4C41-8B0C-A73C0B3EE039} = {97CEC351-CD72-46D6-BA54-EF31612F9F2D}
		{FE758482-341E-4631-9F7C-5256A326F954} = {AB30B6F7-B1D5-4D33-9820-0E6DF1DE4C53}
	EndGlobalSection
	GlobalSection(ExtensibilityGlobals) = postSolution
		SolutionGuid = {06362D77-167B-4814-897B-1CE1AF745A90}
	EndGlobalSection
EndGlobal
