
Microsoft Visual Studio Solution File, Format Version 12.00
# Visual Studio Version 17
VisualStudioVersion = 17.0.31717.71
MinimumVisualStudioVersion = 10.0.40219.1
Project("{2150E333-8FDC-42A3-9474-1A3956D46DE8}") = "Apps", "Apps", "{2AF9A078-2342-4E35-AEE6-0ECCD5E63412}"
EndProject
Project("{2150E333-8FDC-42A3-9474-1A3956D46DE8}") = "Libs", "Libs", "{EB17231A-EC56-4E5C-8FB7-763EE498A9E8}"
EndProject
Project("{2150E333-8FDC-42A3-9474-1A3956D46DE8}") = "Modules", "Modules", "{107B5D3F-1388-473F-A19E-4ACE63062631}"
EndProject
Project("{2150E333-8FDC-42A3-9474-1A3956D46DE8}") = "Solution", "Solution", "{5D0B317E-5D42-4281-A4AE-CEE902A76A2C}"
	ProjectSection(SolutionItems) = preProject
		.editorconfig = .editorconfig
		Directory.Build.props = Directory.Build.props
	EndProjectSection
EndProject
Project("{2150E333-8FDC-42A3-9474-1A3956D46DE8}") = "Git", "Git", "{699BEF1F-D3E4-473B-94E3-0209AC2A7A3E}"
	ProjectSection(SolutionItems) = preProject
		.gitattributes = .gitattributes
		.gitignore = .gitignore
		LICENSE.txt = LICENSE.txt
		README.md = README.md
	EndProjectSection
EndProject
Project("{9A19103F-16F7-4668-BE54-9A1E7A4F7556}") = "unp4k", "apps\unp4k\unp4k.csproj", "{DA2D21C0-F8A6-4EC2-96F3-DBD13B442314}"
EndProject
Project("{9A19103F-16F7-4668-BE54-9A1E7A4F7556}") = "unforge", "libs\unforge\unforge.csproj", "{8387A204-C8BA-48CD-9075-2EE42E28D0EF}"
EndProject
Project("{9A19103F-16F7-4668-BE54-9A1E7A4F7556}") = "unlib", "libs\unlib\unlib.csproj", "{47185BC1-8DBC-4C89-984D-7C7D618E76C7}"
EndProject
Project("{9A19103F-16F7-4668-BE54-9A1E7A4F7556}") = "unp4k", "libs\unp4k\unp4k.csproj", "{B73B4C2B-DE4E-4E50-973D-F710328FC963}"
EndProject
Project("{9A19103F-16F7-4668-BE54-9A1E7A4F7556}") = "ICSharpCode.SharpZipLib", "modules\SharpZipLib\src\ICSharpCode.SharpZipLib\ICSharpCode.SharpZipLib.csproj", "{26AB9F58-EA73-4FEA-BB18-0731E60B28D5}"
EndProject
Project("{2150E333-8FDC-42A3-9474-1A3956D46DE8}") = "Actions", "Actions", "{4FA96099-CE69-41CB-9288-686F6440FBE6}"
	ProjectSection(SolutionItems) = preProject
		.github\workflows\build.yml = .github\workflows\build.yml
		.github\workflows\release.yaml = .github\workflows\release.yaml
	EndProjectSection
EndProject
Project("{9A19103F-16F7-4668-BE54-9A1E7A4F7556}") = "unp4k.GUI", "apps\unp4k.GUI\unp4k.GUI.csproj", "{C5EF1FF0-C48B-403D-BEB5-F8F2FC13538F}"
EndProject
Global
	GlobalSection(SolutionConfigurationPlatforms) = preSolution
		Debug|Any CPU = Debug|Any CPU
		Debug|ARM64 = Debug|ARM64
		Debug|x64 = Debug|x64
		Release|Any CPU = Release|Any CPU
		Release|ARM64 = Release|ARM64
		Release|x64 = Release|x64
	EndGlobalSection
	GlobalSection(ProjectConfigurationPlatforms) = postSolution
		{DA2D21C0-F8A6-4EC2-96F3-DBD13B442314}.Debug|Any CPU.ActiveCfg = Debug|x64
		{DA2D21C0-F8A6-4EC2-96F3-DBD13B442314}.Debug|Any CPU.Build.0 = Debug|x64
		{DA2D21C0-F8A6-4EC2-96F3-DBD13B442314}.Debug|ARM64.ActiveCfg = Debug|ARM64
		{DA2D21C0-F8A6-4EC2-96F3-DBD13B442314}.Debug|ARM64.Build.0 = Debug|ARM64
		{DA2D21C0-F8A6-4EC2-96F3-DBD13B442314}.Debug|x64.ActiveCfg = Debug|x64
		{DA2D21C0-F8A6-4EC2-96F3-DBD13B442314}.Debug|x64.Build.0 = Debug|x64
		{DA2D21C0-F8A6-4EC2-96F3-DBD13B442314}.Release|Any CPU.ActiveCfg = Release|x64
		{DA2D21C0-F8A6-4EC2-96F3-DBD13B442314}.Release|Any CPU.Build.0 = Release|x64
		{DA2D21C0-F8A6-4EC2-96F3-DBD13B442314}.Release|ARM64.ActiveCfg = Release|ARM64
		{DA2D21C0-F8A6-4EC2-96F3-DBD13B442314}.Release|ARM64.Build.0 = Release|ARM64
		{DA2D21C0-F8A6-4EC2-96F3-DBD13B442314}.Release|x64.ActiveCfg = Release|x64
		{DA2D21C0-F8A6-4EC2-96F3-DBD13B442314}.Release|x64.Build.0 = Release|x64
		{8387A204-C8BA-48CD-9075-2EE42E28D0EF}.Debug|Any CPU.ActiveCfg = Debug|x64
		{8387A204-C8BA-48CD-9075-2EE42E28D0EF}.Debug|Any CPU.Build.0 = Debug|x64
		{8387A204-C8BA-48CD-9075-2EE42E28D0EF}.Debug|ARM64.ActiveCfg = Debug|ARM64
		{8387A204-C8BA-48CD-9075-2EE42E28D0EF}.Debug|ARM64.Build.0 = Debug|ARM64
		{8387A204-C8BA-48CD-9075-2EE42E28D0EF}.Debug|x64.ActiveCfg = Debug|x64
		{8387A204-C8BA-48CD-9075-2EE42E28D0EF}.Debug|x64.Build.0 = Debug|x64
		{8387A204-C8BA-48CD-9075-2EE42E28D0EF}.Release|Any CPU.ActiveCfg = Release|x64
		{8387A204-C8BA-48CD-9075-2EE42E28D0EF}.Release|Any CPU.Build.0 = Release|x64
		{8387A204-C8BA-48CD-9075-2EE42E28D0EF}.Release|ARM64.ActiveCfg = Release|ARM64
		{8387A204-C8BA-48CD-9075-2EE42E28D0EF}.Release|ARM64.Build.0 = Release|ARM64
		{8387A204-C8BA-48CD-9075-2EE42E28D0EF}.Release|x64.ActiveCfg = Release|x64
		{8387A204-C8BA-48CD-9075-2EE42E28D0EF}.Release|x64.Build.0 = Release|x64
		{47185BC1-8DBC-4C89-984D-7C7D618E76C7}.Debug|Any CPU.ActiveCfg = Debug|x64
		{47185BC1-8DBC-4C89-984D-7C7D618E76C7}.Debug|Any CPU.Build.0 = Debug|x64
		{47185BC1-8DBC-4C89-984D-7C7D618E76C7}.Debug|ARM64.ActiveCfg = Debug|ARM64
		{47185BC1-8DBC-4C89-984D-7C7D618E76C7}.Debug|ARM64.Build.0 = Debug|ARM64
		{47185BC1-8DBC-4C89-984D-7C7D618E76C7}.Debug|x64.ActiveCfg = Debug|x64
		{47185BC1-8DBC-4C89-984D-7C7D618E76C7}.Debug|x64.Build.0 = Debug|x64
		{47185BC1-8DBC-4C89-984D-7C7D618E76C7}.Release|Any CPU.ActiveCfg = Release|x64
		{47185BC1-8DBC-4C89-984D-7C7D618E76C7}.Release|Any CPU.Build.0 = Release|x64
		{47185BC1-8DBC-4C89-984D-7C7D618E76C7}.Release|ARM64.ActiveCfg = Release|ARM64
		{47185BC1-8DBC-4C89-984D-7C7D618E76C7}.Release|ARM64.Build.0 = Release|ARM64
		{47185BC1-8DBC-4C89-984D-7C7D618E76C7}.Release|x64.ActiveCfg = Release|x64
		{47185BC1-8DBC-4C89-984D-7C7D618E76C7}.Release|x64.Build.0 = Release|x64
		{B73B4C2B-DE4E-4E50-973D-F710328FC963}.Debug|Any CPU.ActiveCfg = Debug|x64
		{B73B4C2B-DE4E-4E50-973D-F710328FC963}.Debug|Any CPU.Build.0 = Debug|x64
		{B73B4C2B-DE4E-4E50-973D-F710328FC963}.Debug|ARM64.ActiveCfg = Debug|ARM64
		{B73B4C2B-DE4E-4E50-973D-F710328FC963}.Debug|ARM64.Build.0 = Debug|ARM64
		{B73B4C2B-DE4E-4E50-973D-F710328FC963}.Debug|x64.ActiveCfg = Debug|x64
		{B73B4C2B-DE4E-4E50-973D-F710328FC963}.Debug|x64.Build.0 = Debug|x64
		{B73B4C2B-DE4E-4E50-973D-F710328FC963}.Release|Any CPU.ActiveCfg = Release|x64
		{B73B4C2B-DE4E-4E50-973D-F710328FC963}.Release|Any CPU.Build.0 = Release|x64
		{B73B4C2B-DE4E-4E50-973D-F710328FC963}.Release|ARM64.ActiveCfg = Release|ARM64
		{B73B4C2B-DE4E-4E50-973D-F710328FC963}.Release|ARM64.Build.0 = Release|ARM64
		{B73B4C2B-DE4E-4E50-973D-F710328FC963}.Release|x64.ActiveCfg = Release|x64
		{B73B4C2B-DE4E-4E50-973D-F710328FC963}.Release|x64.Build.0 = Release|x64
		{26AB9F58-EA73-4FEA-BB18-0731E60B28D5}.Debug|Any CPU.ActiveCfg = Debug|x64
		{26AB9F58-EA73-4FEA-BB18-0731E60B28D5}.Debug|Any CPU.Build.0 = Debug|x64
		{26AB9F58-EA73-4FEA-BB18-0731E60B28D5}.Debug|ARM64.ActiveCfg = Debug|ARM64
		{26AB9F58-EA73-4FEA-BB18-0731E60B28D5}.Debug|ARM64.Build.0 = Debug|ARM64
		{26AB9F58-EA73-4FEA-BB18-0731E60B28D5}.Debug|x64.ActiveCfg = Debug|x64
		{26AB9F58-EA73-4FEA-BB18-0731E60B28D5}.Debug|x64.Build.0 = Debug|x64
		{26AB9F58-EA73-4FEA-BB18-0731E60B28D5}.Release|Any CPU.ActiveCfg = Release|x64
		{26AB9F58-EA73-4FEA-BB18-0731E60B28D5}.Release|Any CPU.Build.0 = Release|x64
		{26AB9F58-EA73-4FEA-BB18-0731E60B28D5}.Release|ARM64.ActiveCfg = Release|ARM64
		{26AB9F58-EA73-4FEA-BB18-0731E60B28D5}.Release|ARM64.Build.0 = Release|ARM64
		{26AB9F58-EA73-4FEA-BB18-0731E60B28D5}.Release|x64.ActiveCfg = Release|x64
		{26AB9F58-EA73-4FEA-BB18-0731E60B28D5}.Release|x64.Build.0 = Release|x64
		{C5EF1FF0-C48B-403D-BEB5-F8F2FC13538F}.Debug|Any CPU.ActiveCfg = Debug|Any CPU
		{C5EF1FF0-C48B-403D-BEB5-F8F2FC13538F}.Debug|Any CPU.Build.0 = Debug|Any CPU
		{C5EF1FF0-C48B-403D-BEB5-F8F2FC13538F}.Debug|Any CPU.Deploy.0 = Debug|Any CPU
		{C5EF1FF0-C48B-403D-BEB5-F8F2FC13538F}.Debug|ARM64.ActiveCfg = Debug|Any CPU
		{C5EF1FF0-C48B-403D-BEB5-F8F2FC13538F}.Debug|ARM64.Build.0 = Debug|Any CPU
		{C5EF1FF0-C48B-403D-BEB5-F8F2FC13538F}.Debug|ARM64.Deploy.0 = Debug|Any CPU
		{C5EF1FF0-C48B-403D-BEB5-F8F2FC13538F}.Debug|x64.ActiveCfg = Debug|Any CPU
		{C5EF1FF0-C48B-403D-BEB5-F8F2FC13538F}.Debug|x64.Build.0 = Debug|Any CPU
		{C5EF1FF0-C48B-403D-BEB5-F8F2FC13538F}.Debug|x64.Deploy.0 = Debug|Any CPU
		{C5EF1FF0-C48B-403D-BEB5-F8F2FC13538F}.Release|Any CPU.ActiveCfg = Release|Any CPU
		{C5EF1FF0-C48B-403D-BEB5-F8F2FC13538F}.Release|Any CPU.Build.0 = Release|Any CPU
		{C5EF1FF0-C48B-403D-BEB5-F8F2FC13538F}.Release|Any CPU.Deploy.0 = Release|Any CPU
		{C5EF1FF0-C48B-403D-BEB5-F8F2FC13538F}.Release|ARM64.ActiveCfg = Release|Any CPU
		{C5EF1FF0-C48B-403D-BEB5-F8F2FC13538F}.Release|ARM64.Build.0 = Release|Any CPU
		{C5EF1FF0-C48B-403D-BEB5-F8F2FC13538F}.Release|ARM64.Deploy.0 = Release|Any CPU
		{C5EF1FF0-C48B-403D-BEB5-F8F2FC13538F}.Release|x64.ActiveCfg = Release|Any CPU
		{C5EF1FF0-C48B-403D-BEB5-F8F2FC13538F}.Release|x64.Build.0 = Release|Any CPU
		{C5EF1FF0-C48B-403D-BEB5-F8F2FC13538F}.Release|x64.Deploy.0 = Release|Any CPU
	EndGlobalSection
	GlobalSection(SolutionProperties) = preSolution
		HideSolutionNode = FALSE
	EndGlobalSection
	GlobalSection(NestedProjects) = preSolution
		{699BEF1F-D3E4-473B-94E3-0209AC2A7A3E} = {5D0B317E-5D42-4281-A4AE-CEE902A76A2C}
		{DA2D21C0-F8A6-4EC2-96F3-DBD13B442314} = {2AF9A078-2342-4E35-AEE6-0ECCD5E63412}
		{8387A204-C8BA-48CD-9075-2EE42E28D0EF} = {EB17231A-EC56-4E5C-8FB7-763EE498A9E8}
		{47185BC1-8DBC-4C89-984D-7C7D618E76C7} = {EB17231A-EC56-4E5C-8FB7-763EE498A9E8}
		{B73B4C2B-DE4E-4E50-973D-F710328FC963} = {EB17231A-EC56-4E5C-8FB7-763EE498A9E8}
		{26AB9F58-EA73-4FEA-BB18-0731E60B28D5} = {107B5D3F-1388-473F-A19E-4ACE63062631}
		{4FA96099-CE69-41CB-9288-686F6440FBE6} = {699BEF1F-D3E4-473B-94E3-0209AC2A7A3E}
		{C5EF1FF0-C48B-403D-BEB5-F8F2FC13538F} = {2AF9A078-2342-4E35-AEE6-0ECCD5E63412}
	EndGlobalSection
	GlobalSection(ExtensibilityGlobals) = postSolution
		SolutionGuid = {06362D77-167B-4814-897B-1CE1AF745A90}
	EndGlobalSection
EndGlobal
